<?xml version="1.0" encoding="UTF-8" standalone="yes" ?>
<CodeBlocks_project_file>
	<FileVersion major="1" minor="6" />
	<Project>
		<Option title="h2o_cpp" />
		<Option pch_mode="2" />
		<Option compiler="gnu_gcc_compiler_as_g" />
		<Build>
			<Target title="Debug">
				<Option output="h2o-cpp" prefix_auto="1" extension_auto="1" />
				<Option object_output="obj/Debug/" />
				<Option type="1" />
				<Option compiler="gnu_gcc_compiler_as_g" />
				<Option parameters="--conf=examples/h2o_squilu/h2o-dad.conf" />
				<Compiler>
					<Add option="-g" />
					<Add option="-fpermissive" />
					<Add option="-std=c++1y" />
				</Compiler>
			</Target>
			<Target title="Release Simple">
				<Option output="h2o-cpp" prefix_auto="1" extension_auto="1" />
				<Option object_output="obj/Release/" />
				<Option type="1" />
				<Option compiler="gnu_gcc_compiler_as_g" />
				<Compiler>
					<Add option="-O2" />
					<Add option="-march=native" />
					<Add option="-fpermissive" />
					<Add option="-std=c++1y" />
					<Add option="-DNDEBUG=1" />
				</Compiler>
			</Target>
			<Target title="Release">
				<Option output="h2o-cpp" prefix_auto="1" extension_auto="1" />
				<Option object_output="obj/Release/" />
				<Option type="1" />
				<Option compiler="gnu_gcc_compiler_as_g" />
				<Compiler>
					<Add option="-O3" />
					<Add option="-mtune=native" />
					<Add option="-march=native" />
					<Add option="-fpermissive" />
					<Add option="-std=c++1y" />
					<Add option="-flto" />
					<Add option="-DNDEBUG=1" />
				</Compiler>
				<Linker>
					<Add option="-s" />
					<Add option="-flto" />
				</Linker>
			</Target>
			<Target title="Profile">
				<Option output="h2o-cpp" prefix_auto="1" extension_auto="1" />
				<Option object_output="obj/Debug/" />
				<Option type="1" />
				<Option compiler="gnu_gcc_compiler_as_g" />
				<Compiler>
					<Add option="-O2" />
					<Add option="-pg" />
					<Add option="-g" />
					<Add option="-fpermissive" />
					<Add option="-std=c++1y" />
				</Compiler>
				<Linker>
					<Add option="-pg" />
				</Linker>
			</Target>
			<Target title="Release sanitize address">
				<Option output="h2o-cpp" prefix_auto="1" extension_auto="1" />
				<Option object_output="obj/Release/" />
				<Option type="1" />
				<Option compiler="gnu_gcc_compiler_as_g" />
				<Compiler>
					<Add option="-O2" />
					<Add option="-g" />
					<Add option="-fsanitize=address" />
					<Add option="-march=native" />
					<Add option="-fpermissive" />
					<Add option="-std=c++1y" />
				</Compiler>
				<Linker>
					<Add option="-lasan" />
				</Linker>
			</Target>
			<Target title="Debug GCC 4.9">
				<Option output="h2o-cpp" prefix_auto="1" extension_auto="1" />
				<Option object_output="obj/Debug/" />
				<Option type="1" />
				<Option compiler="gnu_gcc_compiler_as_g" />
				<Option parameters="--conf=404.conf" />
				<Compiler>
					<Add option="-g" />
					<Add option="-fpermissive" />
					<Add option="-std=c++1y" />
				</Compiler>
			</Target>
			<Target title="Debug sanitize address">
				<Option output="h2o-cpp" prefix_auto="1" extension_auto="1" />
				<Option object_output="obj/Debug/" />
				<Option type="1" />
				<Option compiler="gnu_gcc_compiler_as_g" />
				<Option parameters="--conf=404.conf" />
				<Compiler>
					<Add option="-g" />
					<Add option="-fpermissive" />
					<Add option="-std=c++1y" />
					<Add option="-fsanitize=address" />
				</Compiler>
				<Linker>
					<Add option="-lasan" />
				</Linker>
			</Target>
			<Target title="Debug sanitize thread">
				<Option output="h2o-cpp" prefix_auto="1" extension_auto="1" />
				<Option object_output="obj/Debug/" />
				<Option type="1" />
				<Option compiler="gnu_gcc_compiler_as_g" />
				<Option parameters="--conf=404.conf" />
				<Compiler>
					<Add option="-g" />
					<Add option="-fpermissive" />
					<Add option="-std=c++1y" />
					<Add option="-fsanitize=thread" />
				</Compiler>
				<Linker>
					<Add option="-ltsan" />
				</Linker>
			</Target>
			<Target title="Debug Windows">
				<Option output="h2o-cpp" prefix_auto="1" extension_auto="1" />
				<Option object_output="obj/Debug-Windows/" />
				<Option type="1" />
				<Option compiler="mingw64_gnu_gcc_compiler_c_as_c" />
				<Option parameters="--conf=examples/h2o_lua/h2o-dad.conf" />
				<Compiler>
					<Add option="-g" />
					<Add option="-fpermissive" />
					<Add option="-std=c++1y" />
					<Add directory="deps/win32" />
				</Compiler>
			</Target>
		</Build>
		<Compiler>
			<Add option="-Wall" />
			<Add option="-fpermissive" />
			<Add option="-std=c++1y" />
			<Add option="-DH2O_AS_CPP=1" />
			<Add option="-D_GNU_SOURCE=1" />
			<Add option="-DH2O_USE_EPOLL=1" />
			<Add option="-DH2O_USE_MRUBY=1" />
			<Add option="-DH2O_USE_LUA=1" />
			<Add option="-D__c_as_cpp=1" />
			<Add option="-DH2O_USE_SQUILU=1" />
			<Add option="-DONLY_ASCII=1" />
			<Add option="-DPROFILE_SQVM0=1" />
			<Add option="-DSQ_JIT_LLVM44=1" />
			<Add option="-D_DEBUG_DUMP33=1" />
			<Add option="-DWITH_DAD_EXTRAS=1" />
			<Add option="-DSQ_SUBLATIN=1" />
			<Add option="-DNEED_SUBLATIN_C2=1" />
			<Add option="-DSQUSEDOUBLE=1" />
			<Add option="-DSQUSEDECIMAL64x=1" />
			<Add option="-DNO_EXCEPTION_KEY_NOT_FOUND0=1" />
			<Add option="-DNO_GARBAGE_COLLECTOR00=1" />
			<Add option="-DTHREADSAFE=1" />
			<Add option="-DSQLITE_DEFAULT_FILE_FORMAT=4" />
			<Add option="-DSQLITE_DEFAULT_AUTOVACUUM=1" />
			<Add option="-DSQLITE_DEFAULT_FOREIGN_KEYS=1" />
			<Add option="-DSQLITE_ENABLE_COLUMN_METADATA=1" />
			<Add option="-DSQLITE_ENABLE_EXTENSION_FUNCTIONS=1" />
			<Add option="-DSQLITE_ENABLE_FTS4=1" />
			<Add option="-DSQLITE_ENABLE_FTS3_PARENTHESIS=1" />
			<Add option="-DSQLITE_ENABLE_UNLOCK_NOTIFY=1" />
			<Add option="-DSQLITE_ENABLE_RTREE=1" />
			<Add option="-DSQLITE_ENABLE_STAT4=1" />
			<Add option="-DSQLITE_HAS_CODEC=1" />
			<Add option="-DSQLITE_OMIT_TCL_VARIABLE=1" />
			<Add option="-DSQLITE_USE_URI=1" />
			<Add option="-DSQLITE_SOUNDEX=1" />
			<Add option="-DSQLITE_OMIT_PREPARED=1" />
			<Add option="-DSQLITE_ENABLE_JSON1=1" />
			<Add option="-D_FILE_OFFSET_BITS=64" />
			<Add option="-DPDF_USING_ZLIB=1" />
			<Add option="-DWITH_UUID=1" />
			<Add option="-DSC_USE_MKSTEMP=1" />
			<Add option="-DTEST_IMG_SEND=1" />
			<Add directory="include" />
			<Add directory="deps/picohttpparser" />
			<Add directory="deps/yaml/include" />
			<Add directory="deps/yoml" />
			<Add directory="deps/klib" />
			<Add directory="deps/cloexec" />
			<Add directory="libressl-build/include" />
			<Add directory="deps/neverbleed" />
			<Add directory="deps/libyrmcds" />
			<Add directory="deps/mruby/include" />
			<Add directory="deps/mruby-input-stream/src" />
			<Add directory="deps/golombset" />
			<Add directory="../../../../local/luajit/include/luajit" />
			<Add directory="../../../SquiLu/SquiLu/include" />
			<Add directory="deps/brotli/enc" />
			<Add directory="../../../SquiLu/SquiLu-ext" />
			<Add directory="../../../SquiLu/SquiLu/sqstdlib" />
			<Add directory="../../../SquiLu/SquiLu/squirrel" />
			<Add directory="../../../SquiLu/minizip" />
		</Compiler>
		<Linker>
			<Add option="-zmuldefs" />
			<Add library="libressl-build/lib/libssl.a" />
			<Add library="libressl-build/lib/libcrypto.a" />
			<Add library="pthread" />
			<Add library="lua" />
			<Add library="mruby/host/lib/libmruby.a" />
			<Add library="m" />
			<Add library="dl" />
			<Add library="z" />
			<Add library="uuid" />
			<Add library="../../../SquiLu/SquiLu/obj/Debug-no-gui/SquiLu-ext/sqlite3.o" />
			<Add library="../../../SquiLu/minizip/libminizip.a" />
			<Add directory="libressl-build/lib" />
			<Add directory="mruby/host/lib" />
			<Add directory="../../../../local/luajit/lib" />
			<Add directory="../../../SquiLu/SquiLu/bin" />
		</Linker>
		<Unit filename="../../../SquiLu/SquiLu-ext/HighResolutionTimer.cpp" />
		<Unit filename="../../../SquiLu/SquiLu-ext/HighResolutionTimer.h" />
		<Unit filename="../../../SquiLu/SquiLu-ext/dynamic_library.cpp" />
		<Unit filename="../../../SquiLu/SquiLu-ext/dynamic_library.h" />
		<Unit filename="../../../SquiLu/SquiLu-ext/fpdf.cpp" />
		<Unit filename="../../../SquiLu/SquiLu-ext/fpdf.h" />
		<Unit filename="../../../SquiLu/SquiLu-ext/lua_socket.cpp" />
		<Unit filename="../../../SquiLu/SquiLu-ext/lua_socket.h" />
		<Unit filename="../../../SquiLu/SquiLu-ext/pdf-font.cpp" />
		<Unit filename="../../../SquiLu/SquiLu-ext/pdf-font.h" />
		<Unit filename="../../../SquiLu/SquiLu-ext/sq_base64.cpp" />
		<Unit filename="../../../SquiLu/SquiLu-ext/sq_fpdf.cpp" />
		<Unit filename="../../../SquiLu/SquiLu-ext/sq_fs.c">
			<Option compilerVar="CC" />
		</Unit>
		<Unit filename="../../../SquiLu/SquiLu-ext/sq_mix.cpp" />
		<Unit filename="../../../SquiLu/SquiLu-ext/sq_slave_vm.cpp" />
		<Unit filename="../../../SquiLu/SquiLu-ext/sq_socket.cpp" />
		<Unit filename="../../../SquiLu/SquiLu-ext/sq_sqlite3.cpp" />
		<Unit filename="../../../SquiLu/SquiLu-ext/sq_sqlite3.h" />
		<Unit filename="../../../SquiLu/SquiLu-ext/sq_zlib.cpp" />
		<Unit filename="../../../SquiLu/SquiLu-ext/sqfs.h" />
		<Unit filename="../../../SquiLu/SquiLu-ext/sqlite3.h" />
		<Unit filename="../../../SquiLu/SquiLu-ext/tinyxml2.cpp" />
		<Unit filename="../../../SquiLu/SquiLu-ext/tinyxml2.h" />
		<Unit filename="../../../SquiLu/SquiLu/include/sqconfig.h" />
		<Unit filename="../../../SquiLu/SquiLu/include/sqstdaux.h" />
		<Unit filename="../../../SquiLu/SquiLu/include/sqstdblob.h" />
		<Unit filename="../../../SquiLu/SquiLu/include/sqstdio.h" />
		<Unit filename="../../../SquiLu/SquiLu/include/sqstdmath.h" />
		<Unit filename="../../../SquiLu/SquiLu/include/sqstdstring.h" />
		<Unit filename="../../../SquiLu/SquiLu/include/sqstdsystem.h" />
		<Unit filename="../../../SquiLu/SquiLu/include/squilu.hpp" />
		<Unit filename="../../../SquiLu/SquiLu/include/squirrel.h" />
		<Unit filename="../../../SquiLu/SquiLu/sqstdlib/sqstdaux.cpp" />
		<Unit filename="../../../SquiLu/SquiLu/sqstdlib/sqstdblob.cpp" />
		<Unit filename="../../../SquiLu/SquiLu/sqstdlib/sqstdio.cpp" />
		<Unit filename="../../../SquiLu/SquiLu/sqstdlib/sqstdmath.cpp" />
		<Unit filename="../../../SquiLu/SquiLu/sqstdlib/sqstdrex.cpp" />
		<Unit filename="../../../SquiLu/SquiLu/sqstdlib/sqstdstream.cpp" />
		<Unit filename="../../../SquiLu/SquiLu/sqstdlib/sqstdstream.h" />
		<Unit filename="../../../SquiLu/SquiLu/sqstdlib/sqstdstring.cpp" />
		<Unit filename="../../../SquiLu/SquiLu/sqstdlib/sqstdsystem.cpp" />
		<Unit filename="../../../SquiLu/SquiLu/squirrel/lua-regex.c">
			<Option compilerVar="CC" />
		</Unit>
		<Unit filename="../../../SquiLu/SquiLu/squirrel/lua-regex.h" />
		<Unit filename="../../../SquiLu/SquiLu/squirrel/sqapi.cpp" />
		<Unit filename="../../../SquiLu/SquiLu/squirrel/sqarray.h" />
		<Unit filename="../../../SquiLu/SquiLu/squirrel/sqbaselib.cpp" />
		<Unit filename="../../../SquiLu/SquiLu/squirrel/sqclass.cpp" />
		<Unit filename="../../../SquiLu/SquiLu/squirrel/sqclass.h" />
		<Unit filename="../../../SquiLu/SquiLu/squirrel/sqclosure.h" />
		<Unit filename="../../../SquiLu/SquiLu/squirrel/sqcompiler.cpp" />
		<Unit filename="../../../SquiLu/SquiLu/squirrel/sqcompiler.h" />
		<Unit filename="../../../SquiLu/SquiLu/squirrel/sqdebug.cpp" />
		<Unit filename="../../../SquiLu/SquiLu/squirrel/sqfuncproto.h" />
		<Unit filename="../../../SquiLu/SquiLu/squirrel/sqfuncstate.cpp" />
		<Unit filename="../../../SquiLu/SquiLu/squirrel/sqfuncstate.h" />
		<Unit filename="../../../SquiLu/SquiLu/squirrel/sqlexer.cpp" />
		<Unit filename="../../../SquiLu/SquiLu/squirrel/sqlexer.h" />
		<Unit filename="../../../SquiLu/SquiLu/squirrel/sqmem.cpp" />
		<Unit filename="../../../SquiLu/SquiLu/squirrel/sqobject.cpp" />
		<Unit filename="../../../SquiLu/SquiLu/squirrel/sqobject.h" />
		<Unit filename="../../../SquiLu/SquiLu/squirrel/sqopcodes.h" />
		<Unit filename="../../../SquiLu/SquiLu/squirrel/sqpcheader.h" />
		<Unit filename="../../../SquiLu/SquiLu/squirrel/sqstate.cpp" />
		<Unit filename="../../../SquiLu/SquiLu/squirrel/sqstate.h" />
		<Unit filename="../../../SquiLu/SquiLu/squirrel/sqstring.h" />
		<Unit filename="../../../SquiLu/SquiLu/squirrel/sqtable.cpp" />
		<Unit filename="../../../SquiLu/SquiLu/squirrel/sqtable.h" />
		<Unit filename="../../../SquiLu/SquiLu/squirrel/squserdata.h" />
		<Unit filename="../../../SquiLu/SquiLu/squirrel/squtils.h" />
		<Unit filename="../../../SquiLu/SquiLu/squirrel/sqvm.cpp" />
		<Unit filename="../../../SquiLu/SquiLu/squirrel/sqvm.h" />
		<Unit filename="deps/brotli/enc/backward_references.cc" />
		<Unit filename="deps/brotli/enc/backward_references.h" />
		<Unit filename="deps/brotli/enc/bit_cost.h" />
		<Unit filename="deps/brotli/enc/block_splitter.cc" />
		<Unit filename="deps/brotli/enc/block_splitter.h" />
		<Unit filename="deps/brotli/enc/brotli_bit_stream.cc" />
		<Unit filename="deps/brotli/enc/brotli_bit_stream.h" />
		<Unit filename="deps/brotli/enc/compress_fragment.cc" />
		<Unit filename="deps/brotli/enc/compress_fragment.h" />
		<Unit filename="deps/brotli/enc/compress_fragment_two_pass.cc" />
		<Unit filename="deps/brotli/enc/compress_fragment_two_pass.h" />
		<Unit filename="deps/brotli/enc/dictionary.cc" />
		<Unit filename="deps/brotli/enc/dictionary.h" />
		<Unit filename="deps/brotli/enc/encode.cc" />
		<Unit filename="deps/brotli/enc/encode.h" />
		<Unit filename="deps/brotli/enc/entropy_encode.cc" />
		<Unit filename="deps/brotli/enc/entropy_encode.h" />
		<Unit filename="deps/brotli/enc/histogram.cc" />
		<Unit filename="deps/brotli/enc/histogram.h" />
		<Unit filename="deps/brotli/enc/literal_cost.cc" />
		<Unit filename="deps/brotli/enc/literal_cost.h" />
		<Unit filename="deps/brotli/enc/metablock.cc" />
		<Unit filename="deps/brotli/enc/metablock.h" />
		<Unit filename="deps/brotli/enc/static_dict.cc" />
		<Unit filename="deps/brotli/enc/static_dict.h" />
		<Unit filename="deps/brotli/enc/streams.cc" />
		<Unit filename="deps/brotli/enc/streams.h" />
		<Unit filename="deps/brotli/enc/utf8_util.cc" />
		<Unit filename="deps/brotli/enc/utf8_util.h" />
		<Unit filename="deps/cloexec/cloexec.c">
			<Option compilerVar="CC" />
		</Unit>
		<Unit filename="deps/cloexec/cloexec.h" />
		<Unit filename="deps/libyrmcds/close.c">
			<Option compilerVar="CC" />
		</Unit>
		<Unit filename="deps/libyrmcds/connect.c">
			<Option compilerVar="CC" />
		</Unit>
		<Unit filename="deps/libyrmcds/counter.c">
			<Option compilerVar="CC" />
		</Unit>
		<Unit filename="deps/libyrmcds/portability.h" />
		<Unit filename="deps/libyrmcds/recv.c">
			<Option compilerVar="CC" />
		</Unit>
		<Unit filename="deps/libyrmcds/send.c">
			<Option compilerVar="CC" />
		</Unit>
		<Unit filename="deps/libyrmcds/set_compression.c">
			<Option compilerVar="CC" />
		</Unit>
		<Unit filename="deps/libyrmcds/socket.c">
			<Option compilerVar="CC" />
		</Unit>
		<Unit filename="deps/libyrmcds/strerror.c">
			<Option compilerVar="CC" />
		</Unit>
		<Unit filename="deps/libyrmcds/yrmcds.h" />
		<Unit filename="deps/mruby-input-stream/src/mruby_input_stream.c">
			<Option compilerVar="CC" />
		</Unit>
		<Unit filename="deps/mruby-input-stream/src/mruby_input_stream.h" />
		<Unit filename="deps/neverbleed/neverbleed.c">
			<Option compilerVar="CC" />
		</Unit>
		<Unit filename="deps/neverbleed/neverbleed.h" />
		<Unit filename="deps/picohttpparser/picohttpparser.c">
			<Option compilerVar="CC" />
		</Unit>
		<Unit filename="deps/picohttpparser/picohttpparser.h" />
		<Unit filename="deps/win32/mman.c">
			<Option compilerVar="CC" />
			<Option target="Debug Windows" />
		</Unit>
		<Unit filename="deps/win32/mman.h">
			<Option target="Debug Windows" />
		</Unit>
		<Unit filename="deps/win32/win32_port.c">
			<Option compilerVar="CC" />
			<Option target="Debug Windows" />
		</Unit>
		<Unit filename="deps/win32/win32_port.h">
			<Option target="Debug Windows" />
		</Unit>
		<Unit filename="deps/yaml/include/yaml.h" />
		<Unit filename="deps/yaml/src/api.c">
			<Option compilerVar="CC" />
		</Unit>
		<Unit filename="deps/yaml/src/dumper.c">
			<Option compilerVar="CC" />
		</Unit>
		<Unit filename="deps/yaml/src/emitter.c">
			<Option compilerVar="CC" />
		</Unit>
		<Unit filename="deps/yaml/src/loader.c">
			<Option compilerVar="CC" />
		</Unit>
		<Unit filename="deps/yaml/src/parser.c">
			<Option compilerVar="CC" />
		</Unit>
		<Unit filename="deps/yaml/src/reader.c">
			<Option compilerVar="CC" />
		</Unit>
		<Unit filename="deps/yaml/src/scanner.c">
			<Option compilerVar="CC" />
		</Unit>
		<Unit filename="deps/yaml/src/writer.c">
			<Option compilerVar="CC" />
		</Unit>
		<Unit filename="deps/yaml/src/yaml_private.h" />
		<Unit filename="deps/yoml/yoml-parser.h" />
		<Unit filename="deps/yoml/yoml.h" />
		<Unit filename="include/h2o.h" />
		<Unit filename="include/h2o/configurator.h" />
		<Unit filename="include/h2o/ctest_.h" />
		<Unit filename="include/h2o/file.h" />
		<Unit filename="include/h2o/filecache.h" />
		<Unit filename="include/h2o/hello_.h" />
		<Unit filename="include/h2o/hostinfo.h" />
		<Unit filename="include/h2o/http1.h" />
		<Unit filename="include/h2o/http1client.h" />
		<Unit filename="include/h2o/http2.h" />
		<Unit filename="include/h2o/http2_casper.h" />
		<Unit filename="include/h2o/http2_internal.h" />
		<Unit filename="include/h2o/http2_scheduler.h" />
		<Unit filename="include/h2o/httpparser.h" />
		<Unit filename="include/h2o/linklist.h" />
		<Unit filename="include/h2o/lua_.h" />
		<Unit filename="include/h2o/memcached.h" />
		<Unit filename="include/h2o/memory.h" />
		<Unit filename="include/h2o/mruby_.h" />
		<Unit filename="include/h2o/multithread.h" />
		<Unit filename="include/h2o/scripting.h" />
		<Unit filename="include/h2o/serverutil.h" />
		<Unit filename="include/h2o/socket.h" />
		<Unit filename="include/h2o/socket/evloop.h" />
		<Unit filename="include/h2o/socket/uv-binding.h" />
		<Unit filename="include/h2o/socketpool.h" />
		<Unit filename="include/h2o/squilu_.h" />
		<Unit filename="include/h2o/string_.h" />
		<Unit filename="include/h2o/time_.h" />
		<Unit filename="include/h2o/timeout.h" />
		<Unit filename="include/h2o/token.h" />
		<Unit filename="include/h2o/tunnel.h" />
		<Unit filename="include/h2o/url.h" />
		<Unit filename="include/h2o/version.h" />
		<Unit filename="include/h2o/websocket.h" />
		<Unit filename="lib/common/file.c">
			<Option compilerVar="CC" />
		</Unit>
		<Unit filename="lib/common/filecache.c">
			<Option compilerVar="CC" />
		</Unit>
		<Unit filename="lib/common/hostinfo.c">
			<Option compilerVar="CC" />
		</Unit>
		<Unit filename="lib/common/http1client.c">
			<Option compilerVar="CC" />
		</Unit>
		<Unit filename="lib/common/memcached.c">
			<Option compilerVar="CC" />
		</Unit>
		<Unit filename="lib/common/memory.c">
			<Option compilerVar="CC" />
		</Unit>
		<Unit filename="lib/common/multithread.c">
			<Option compilerVar="CC" />
		</Unit>
		<Unit filename="lib/common/serverutil.c">
			<Option compilerVar="CC" />
		</Unit>
		<Unit filename="lib/common/socket.c">
			<Option compilerVar="CC" />
		</Unit>
		<Unit filename="lib/common/socket/evloop.c.h" />
		<Unit filename="lib/common/socket/evloop/epoll.c.h" />
		<Unit filename="lib/common/socket/evloop/kqueue.c.h" />
		<Unit filename="lib/common/socket/evloop/poll.c.h" />
		<Unit filename="lib/common/socket/uv-binding.c.h" />
		<Unit filename="lib/common/socketpool.c">
			<Option compilerVar="CC" />
		</Unit>
		<Unit filename="lib/common/string.c">
			<Option compilerVar="CC" />
		</Unit>
		<Unit filename="lib/common/time.c">
			<Option compilerVar="CC" />
		</Unit>
		<Unit filename="lib/common/timeout.c">
			<Option compilerVar="CC" />
		</Unit>
		<Unit filename="lib/common/url.c">
			<Option compilerVar="CC" />
		</Unit>
		<Unit filename="lib/core/config.c">
			<Option compilerVar="CC" />
		</Unit>
		<Unit filename="lib/core/configurator.c">
			<Option compilerVar="CC" />
		</Unit>
		<Unit filename="lib/core/context.c">
			<Option compilerVar="CC" />
		</Unit>
		<Unit filename="lib/core/headers.c">
			<Option compilerVar="CC" />
		</Unit>
		<Unit filename="lib/core/proxy.c">
			<Option compilerVar="CC" />
		</Unit>
		<Unit filename="lib/core/request.c">
			<Option compilerVar="CC" />
		</Unit>
		<Unit filename="lib/core/token.c">
			<Option compilerVar="CC" />
		</Unit>
		<Unit filename="lib/core/token_table.h" />
		<Unit filename="lib/core/util.c">
			<Option compilerVar="CC" />
		</Unit>
		<Unit filename="lib/handler/access_log.c">
			<Option compilerVar="CC" />
		</Unit>
		<Unit filename="lib/handler/chunked.c">
			<Option compilerVar="CC" />
		</Unit>
		<Unit filename="lib/handler/compress.c">
			<Option compilerVar="CC" />
		</Unit>
		<Unit filename="lib/handler/compress/brotli.cc" />
		<Unit filename="lib/handler/compress/gzip.c">
			<Option compilerVar="CC" />
		</Unit>
		<Unit filename="lib/handler/configurator/access_log.c">
			<Option compilerVar="CC" />
		</Unit>
		<Unit filename="lib/handler/configurator/compress.c">
			<Option compilerVar="CC" />
		</Unit>
		<Unit filename="lib/handler/configurator/errordoc.c">
			<Option compilerVar="CC" />
		</Unit>
		<Unit filename="lib/handler/configurator/expires.c">
			<Option compilerVar="CC" />
		</Unit>
		<Unit filename="lib/handler/configurator/fastcgi.c">
			<Option compilerVar="CC" />
		</Unit>
		<Unit filename="lib/handler/configurator/file.c">
			<Option compilerVar="CC" />
		</Unit>
		<Unit filename="lib/handler/configurator/headers.c">
			<Option compilerVar="CC" />
		</Unit>
		<Unit filename="lib/handler/configurator/lua.c">
			<Option compilerVar="CC" />
		</Unit>
		<Unit filename="lib/handler/configurator/mruby.c">
			<Option compilerVar="CC" />
		</Unit>
		<Unit filename="lib/handler/configurator/proxy.c">
			<Option compilerVar="CC" />
		</Unit>
		<Unit filename="lib/handler/configurator/redirect.c">
			<Option compilerVar="CC" />
		</Unit>
		<Unit filename="lib/handler/configurator/reproxy.c">
			<Option compilerVar="CC" />
		</Unit>
		<Unit filename="lib/handler/configurator/scripting.c">
			<Option compilerVar="CC" />
		</Unit>
		<Unit filename="lib/handler/ctest.c">
			<Option compilerVar="CC" />
		</Unit>
		<Unit filename="lib/handler/errordoc.c">
			<Option compilerVar="CC" />
		</Unit>
		<Unit filename="lib/handler/expires.c">
			<Option compilerVar="CC" />
		</Unit>
		<Unit filename="lib/handler/fastcgi.c">
			<Option compilerVar="CC" />
		</Unit>
		<Unit filename="lib/handler/file.c">
			<Option compilerVar="CC" />
		</Unit>
		<Unit filename="lib/handler/file/_templates.c.h" />
		<Unit filename="lib/handler/file/templates.c.h" />
		<Unit filename="lib/handler/gzip.c">
			<Option compilerVar="CC" />
		</Unit>
		<Unit filename="lib/handler/headers.c">
			<Option compilerVar="CC" />
		</Unit>
		<Unit filename="lib/handler/hello.c">
			<Option compilerVar="CC" />
		</Unit>
		<Unit filename="lib/handler/img-test.c">
			<Option compilerVar="CC" />
		</Unit>
		<Unit filename="lib/handler/mimemap.c">
			<Option compilerVar="CC" />
		</Unit>
		<Unit filename="lib/handler/mimemap/defaults.c.h" />
		<Unit filename="lib/handler/mruby.c">
			<Option compilerVar="CC" />
		</Unit>
		<Unit filename="lib/handler/mruby/chunked.c">
			<Option compilerVar="CC" />
		</Unit>
		<Unit filename="lib/handler/mruby/http_request.c">
			<Option compilerVar="CC" />
		</Unit>
		<Unit filename="lib/handler/proxy.c">
			<Option compilerVar="CC" />
		</Unit>
		<Unit filename="lib/handler/redirect.c">
			<Option compilerVar="CC" />
		</Unit>
		<Unit filename="lib/handler/reproxy.c">
			<Option compilerVar="CC" />
		</Unit>
		<Unit filename="lib/handler/squilu.c">
			<Option compilerVar="CPP" />
		</Unit>
		<Unit filename="lib/http1.c">
			<Option compilerVar="CC" />
		</Unit>
		<Unit filename="lib/http2/casper.c">
			<Option compilerVar="CC" />
		</Unit>
		<Unit filename="lib/http2/connection.c">
			<Option compilerVar="CC" />
		</Unit>
		<Unit filename="lib/http2/frame.c">
			<Option compilerVar="CC" />
		</Unit>
		<Unit filename="lib/http2/hpack.c">
			<Option compilerVar="CC" />
		</Unit>
		<Unit filename="lib/http2/hpack_huffman_table.h" />
		<Unit filename="lib/http2/hpack_static_table.h" />
		<Unit filename="lib/http2/scheduler.c">
			<Option compilerVar="CC" />
		</Unit>
		<Unit filename="lib/http2/stream.c">
			<Option compilerVar="CC" />
		</Unit>
		<Unit filename="lib/tunnel.c">
			<Option compilerVar="CC" />
		</Unit>
		<Unit filename="src/main.c">
			<Option compilerVar="CC" />
		</Unit>
		<Unit filename="src/ssl.c">
			<Option compilerVar="CC" />
		</Unit>
		<Unit filename="src/standalone.h" />
		<Extensions>
			<code_completion />
			<envvars />
			<lib_finder disable_auto="1" />
			<debugger />
		</Extensions>
	</Project>
</CodeBlocks_project_file>
